
Microsoft Visual Studio Solution File, Format Version 12.00
# Visual Studio Version 16
VisualStudioVersion = 16.0.29806.167
MinimumVisualStudioVersion = 10.0.40219.1
Project("{FAE04EC0-301F-11D3-BF4B-00C04F79EFBC}") = "CornwellRoom", "CornwellRoom.csproj", "{B41189FC-E00E-4C2C-B6C4-632DC95C6880}"
EndProject
Global
	GlobalSection(SolutionConfigurationPlatforms) = preSolution
		Debug|Any CPU = Debug|Any CPU
		Release|Any CPU = Release|Any CPU
	EndGlobalSection
	GlobalSection(ProjectConfigurationPlatforms) = postSolution
		{B41189FC-E00E-4C2C-B6C4-632DC95C6880}.Debug|Any CPU.ActiveCfg = Debug|Any CPU
		{B41189FC-E00E-4C2C-B6C4-632DC95C6880}.Debug|Any CPU.Build.0 = Debug|Any CPU
		{B41189FC-E00E-4C2C-B6C4-632DC95C6880}.Release|Any CPU.ActiveCfg = Release|Any CPU
		{B41189FC-E00E-4C2C-B6C4-632DC95C6880}.Release|Any CPU.Build.0 = Release|Any CPU
	EndGlobalSection
	GlobalSection(SolutionProperties) = preSolution
		HideSolutionNode = FALSE
	EndGlobalSection
	GlobalSection(ExtensibilityGlobals) = postSolution
		SolutionGuid = {6B4A298A-DF3A-4E11-B2B4-3551D2184C2B}
	EndGlobalSection
EndGlobal
